{
  "name": "c-temp",
  "version": "1.0.4",
  "lockfileVersion": 3,
  "requires": true,
  "packages": {
    "": {
      "name": "c-temp",
      "version": "1.0.4",
      "license": "ISC",
      "bin": {
        "temp-cli": "index.js"
      },
      "devDependencies": {
        "colors-cli": "^1.0.29"
      }
    },
    "node_modules/colors-cli": {
      "version": "1.0.29",
      "resolved": "https://registry.npmjs.org/colors-cli/-/colors-cli-1.0.29.tgz",
      "integrity": "sha512-S3wbmkI5Hmw7V9zM+xwxqLQAm2Z21epMtfEzErzhA/ToGNSpMOMA1Y842O56tiH5La9ZGMasAGVUKFYfb9RG9g==",
      "dev": true,
      "bin": {
        "colors": "bin/colors"
      }
    }
  }
}
